
Microsoft Visual Studio Solution File, Format Version 12.00
# Visual Studio Version 16
VisualStudioVersion = 16.0.32002.261
MinimumVisualStudioVersion = 10.0.40219.1
Project("{2150E333-8FDC-42A3-9474-1A3956D46DE8}") = "src", "src", "{6EC681B4-9A14-465B-8A9A-69B53B33D2A2}"
EndProject
Project("{2150E333-8FDC-42A3-9474-1A3956D46DE8}") = "shared", "shared", "{F88235A6-DDDF-4E08-A9E7-DB578492E8B3}"
EndProject
Project("{9A19103F-16F7-4668-BE54-9A1E7A4F7556}") = "API", "API\API.csproj", "{9446833D-45A0-4DE2-89A4-4827BCB08BF2}"
EndProject
Project("{9A19103F-16F7-4668-BE54-9A1E7A4F7556}") = "TestingLibrary", "TestingLibrary\TestingLibrary.csproj", "{B02BF757-10DB-46CA-A5E5-D7A803290D35}"
EndProject
Project("{FAE04EC0-301F-11D3-BF4B-00C04F79EFBC}") = "BlazorApp", "BlazorApp\BlazorApp.csproj", "{64AD5CE7-55B5-4C46-87C6-9C88C42E409F}"
EndProject
Global
	GlobalSection(SolutionConfigurationPlatforms) = preSolution
		Debug|Any CPU = Debug|Any CPU
		Release|Any CPU = Release|Any CPU
	EndGlobalSection
	GlobalSection(ProjectConfigurationPlatforms) = postSolution
		{9446833D-45A0-4DE2-89A4-4827BCB08BF2}.Debug|Any CPU.ActiveCfg = Debug|Any CPU
		{9446833D-45A0-4DE2-89A4-4827BCB08BF2}.Debug|Any CPU.Build.0 = Debug|Any CPU
		{9446833D-45A0-4DE2-89A4-4827BCB08BF2}.Release|Any CPU.ActiveCfg = Release|Any CPU
		{9446833D-45A0-4DE2-89A4-4827BCB08BF2}.Release|Any CPU.Build.0 = Release|Any CPU
		{B02BF757-10DB-46CA-A5E5-D7A803290D35}.Debug|Any CPU.ActiveCfg = Debug|Any CPU
		{B02BF757-10DB-46CA-A5E5-D7A803290D35}.Debug|Any CPU.Build.0 = Debug|Any CPU
		{B02BF757-10DB-46CA-A5E5-D7A803290D35}.Release|Any CPU.ActiveCfg = Release|Any CPU
		{B02BF757-10DB-46CA-A5E5-D7A803290D35}.Release|Any CPU.Build.0 = Release|Any CPU
		{64AD5CE7-55B5-4C46-87C6-9C88C42E409F}.Debug|Any CPU.ActiveCfg = Debug|Any CPU
		{64AD5CE7-55B5-4C46-87C6-9C88C42E409F}.Debug|Any CPU.Build.0 = Debug|Any CPU
		{64AD5CE7-55B5-4C46-87C6-9C88C42E409F}.Release|Any CPU.ActiveCfg = Release|Any CPU
		{64AD5CE7-55B5-4C46-87C6-9C88C42E409F}.Release|Any CPU.Build.0 = Release|Any CPU
	EndGlobalSection
	GlobalSection(SolutionProperties) = preSolution
		HideSolutionNode = FALSE
	EndGlobalSection
	GlobalSection(NestedProjects) = preSolution
		{F88235A6-DDDF-4E08-A9E7-DB578492E8B3} = {6EC681B4-9A14-465B-8A9A-69B53B33D2A2}
	EndGlobalSection
	GlobalSection(ExtensibilityGlobals) = postSolution
		SolutionGuid = {CCEB5295-7ADA-40F0-BC6E-7BC1A62D84D6}
	EndGlobalSection
EndGlobal
